
Microsoft Visual Studio Solution File, Format Version 12.00
# Visual Studio 15
VisualStudioVersion = 15.0.27428.2015
MinimumVisualStudioVersion = 10.0.40219.1
Project("{8BC9CEB8-8B4A-11D0-8D11-00A0C91BC942}") = "03.29", "03.29\03.29.vcxproj", "{E84E3617-D476-4079-9FF1-C972CD3AC50B}"
EndProject
Project("{8BC9CEB8-8B4A-11D0-8D11-00A0C91BC942}") = "03.20", "03.20\03.20.vcxproj", "{9EFA4DED-2F52-4A3F-92EE-62181519B4A8}"
EndProject
Project("{8BC9CEB8-8B4A-11D0-8D11-00A0C91BC942}") = "04.06", "04.06\04.06.vcxproj", "{6E989105-D9F5-4FD6-AC1D-AB529FBC49C3}"
EndProject
Project("{8BC9CEB8-8B4A-11D0-8D11-00A0C91BC942}") = "04.11", "04.11\04.11.vcxproj", "{B06A9445-E77F-444C-B13E-C4E6956E7CB9}"
EndProject
Project("{8BC9CEB8-8B4A-11D0-8D11-00A0C91BC942}") = "04.13", "04.13\04.13.vcxproj", "{C44C4A8F-A487-4430-9123-33D517E59CF5}"
EndProject
Project("{8BC9CEB8-8B4A-11D0-8D11-00A0C91BC942}") = "05.07", "05.07\05.07.vcxproj", "{0B1C20BA-A29D-4235-AC0C-9E4992E3A389}"
EndProject
Project("{8BC9CEB8-8B4A-11D0-8D11-00A0C91BC942}") = "05.12", "05.12\05.12.vcxproj", "{125EEE61-45E6-40C0-A5D4-57F751CA05E4}"
EndProject
Global
	GlobalSection(SolutionConfigurationPlatforms) = preSolution
		Debug|x64 = Debug|x64
		Debug|x86 = Debug|x86
		Release|x64 = Release|x64
		Release|x86 = Release|x86
	EndGlobalSection
	GlobalSection(ProjectConfigurationPlatforms) = postSolution
		{E84E3617-D476-4079-9FF1-C972CD3AC50B}.Debug|x64.ActiveCfg = Debug|x64
		{E84E3617-D476-4079-9FF1-C972CD3AC50B}.Debug|x64.Build.0 = Debug|x64
		{E84E3617-D476-4079-9FF1-C972CD3AC50B}.Debug|x86.ActiveCfg = Debug|Win32
		{E84E3617-D476-4079-9FF1-C972CD3AC50B}.Debug|x86.Build.0 = Debug|Win32
		{E84E3617-D476-4079-9FF1-C972CD3AC50B}.Release|x64.ActiveCfg = Release|x64
		{E84E3617-D476-4079-9FF1-C972CD3AC50B}.Release|x64.Build.0 = Release|x64
		{E84E3617-D476-4079-9FF1-C972CD3AC50B}.Release|x86.ActiveCfg = Release|Win32
		{E84E3617-D476-4079-9FF1-C972CD3AC50B}.Release|x86.Build.0 = Release|Win32
		{9EFA4DED-2F52-4A3F-92EE-62181519B4A8}.Debug|x64.ActiveCfg = Debug|x64
		{9EFA4DED-2F52-4A3F-92EE-62181519B4A8}.Debug|x64.Build.0 = Debug|x64
		{9EFA4DED-2F52-4A3F-92EE-62181519B4A8}.Debug|x86.ActiveCfg = Debug|Win32
		{9EFA4DED-2F52-4A3F-92EE-62181519B4A8}.Debug|x86.Build.0 = Debug|Win32
		{9EFA4DED-2F52-4A3F-92EE-62181519B4A8}.Release|x64.ActiveCfg = Release|x64
		{9EFA4DED-2F52-4A3F-92EE-62181519B4A8}.Release|x64.Build.0 = Release|x64
		{9EFA4DED-2F52-4A3F-92EE-62181519B4A8}.Release|x86.ActiveCfg = Release|Win32
		{9EFA4DED-2F52-4A3F-92EE-62181519B4A8}.Release|x86.Build.0 = Release|Win32
		{6E989105-D9F5-4FD6-AC1D-AB529FBC49C3}.Debug|x64.ActiveCfg = Debug|x64
		{6E989105-D9F5-4FD6-AC1D-AB529FBC49C3}.Debug|x64.Build.0 = Debug|x64
		{6E989105-D9F5-4FD6-AC1D-AB529FBC49C3}.Debug|x86.ActiveCfg = Debug|Win32
		{6E989105-D9F5-4FD6-AC1D-AB529FBC49C3}.Debug|x86.Build.0 = Debug|Win32
		{6E989105-D9F5-4FD6-AC1D-AB529FBC49C3}.Release|x64.ActiveCfg = Release|x64
		{6E989105-D9F5-4FD6-AC1D-AB529FBC49C3}.Release|x64.Build.0 = Release|x64
		{6E989105-D9F5-4FD6-AC1D-AB529FBC49C3}.Release|x86.ActiveCfg = Release|Win32
		{6E989105-D9F5-4FD6-AC1D-AB529FBC49C3}.Release|x86.Build.0 = Release|Win32
		{B06A9445-E77F-444C-B13E-C4E6956E7CB9}.Debug|x64.ActiveCfg = Debug|x64
		{B06A9445-E77F-444C-B13E-C4E6956E7CB9}.Debug|x64.Build.0 = Debug|x64
		{B06A9445-E77F-444C-B13E-C4E6956E7CB9}.Debug|x86.ActiveCfg = Debug|Win32
		{B06A9445-E77F-444C-B13E-C4E6956E7CB9}.Debug|x86.Build.0 = Debug|Win32
		{B06A9445-E77F-444C-B13E-C4E6956E7CB9}.Release|x64.ActiveCfg = Release|x64
		{B06A9445-E77F-444C-B13E-C4E6956E7CB9}.Release|x64.Build.0 = Release|x64
		{B06A9445-E77F-444C-B13E-C4E6956E7CB9}.Release|x86.ActiveCfg = Release|Win32
		{B06A9445-E77F-444C-B13E-C4E6956E7CB9}.Release|x86.Build.0 = Release|Win32
		{C44C4A8F-A487-4430-9123-33D517E59CF5}.Debug|x64.ActiveCfg = Debug|x64
		{C44C4A8F-A487-4430-9123-33D517E59CF5}.Debug|x64.Build.0 = Debug|x64
		{C44C4A8F-A487-4430-9123-33D517E59CF5}.Debug|x86.ActiveCfg = Debug|Win32
		{C44C4A8F-A487-4430-9123-33D517E59CF5}.Debug|x86.Build.0 = Debug|Win32
		{C44C4A8F-A487-4430-9123-33D517E59CF5}.Release|x64.ActiveCfg = Release|x64
		{C44C4A8F-A487-4430-9123-33D517E59CF5}.Release|x64.Build.0 = Release|x64
		{C44C4A8F-A487-4430-9123-33D517E59CF5}.Release|x86.ActiveCfg = Release|Win32
		{C44C4A8F-A487-4430-9123-33D517E59CF5}.Release|x86.Build.0 = Release|Win32
		{0B1C20BA-A29D-4235-AC0C-9E4992E3A389}.Debug|x64.ActiveCfg = Debug|x64
		{0B1C20BA-A29D-4235-AC0C-9E4992E3A389}.Debug|x64.Build.0 = Debug|x64
		{0B1C20BA-A29D-4235-AC0C-9E4992E3A389}.Debug|x86.ActiveCfg = Debug|Win32
		{0B1C20BA-A29D-4235-AC0C-9E4992E3A389}.Debug|x86.Build.0 = Debug|Win32
		{0B1C20BA-A29D-4235-AC0C-9E4992E3A389}.Release|x64.ActiveCfg = Release|x64
		{0B1C20BA-A29D-4235-AC0C-9E4992E3A389}.Release|x64.Build.0 = Release|x64
		{0B1C20BA-A29D-4235-AC0C-9E4992E3A389}.Release|x86.ActiveCfg = Release|Win32
		{0B1C20BA-A29D-4235-AC0C-9E4992E3A389}.Release|x86.Build.0 = Release|Win32
		{125EEE61-45E6-40C0-A5D4-57F751CA05E4}.Debug|x64.ActiveCfg = Debug|x64
		{125EEE61-45E6-40C0-A5D4-57F751CA05E4}.Debug|x64.Build.0 = Debug|x64
		{125EEE61-45E6-40C0-A5D4-57F751CA05E4}.Debug|x86.ActiveCfg = Debug|Win32
		{125EEE61-45E6-40C0-A5D4-57F751CA05E4}.Debug|x86.Build.0 = Debug|Win32
		{125EEE61-45E6-40C0-A5D4-57F751CA05E4}.Release|x64.ActiveCfg = Release|x64
		{125EEE61-45E6-40C0-A5D4-57F751CA05E4}.Release|x64.Build.0 = Release|x64
		{125EEE61-45E6-40C0-A5D4-57F751CA05E4}.Release|x86.ActiveCfg = Release|Win32
		{125EEE61-45E6-40C0-A5D4-57F751CA05E4}.Release|x86.Build.0 = Release|Win32
	EndGlobalSection
	GlobalSection(SolutionProperties) = preSolution
		HideSolutionNode = FALSE
	EndGlobalSection
	GlobalSection(ExtensibilityGlobals) = postSolution
		SolutionGuid = {D5D6E3F7-477D-44AD-A6C2-2E3C206FE4BA}
	EndGlobalSection
EndGlobal
